// !$*UTF8*$!
{
	archiveVersion = 1;
	classes = {
	};
	objectVersion = 46;
	objects = {

/* Begin PBXBuildFile section */
		B01F360F794108C7111E68EA /* Pods_GoldenPassport.framework in Frameworks */ = {isa = PBXBuildFile; fileRef = 57A3C1B1D39C230CC7385FD7 /* Pods_GoldenPassport.framework */; };
		F61B6B8A1E6135B600C3E272 /* AppDelegate.swift in Sources */ = {isa = PBXBuildFile; fileRef = F61B6B891E6135B600C3E272 /* AppDelegate.swift */; };
		F61B6B8C1E6135B600C3E272 /* Assets.xcassets in Resources */ = {isa = PBXBuildFile; fileRef = F61B6B8B1E6135B600C3E272 /* Assets.xcassets */; };
		F61B6B8F1E6135B600C3E272 /* MainMenu.xib in Resources */ = {isa = PBXBuildFile; fileRef = F61B6B8D1E6135B600C3E272 /* MainMenu.xib */; };
		F61B6B9B1E613DE300C3E272 /* I18n.strings in Resources */ = {isa = PBXBuildFile; fileRef = F61B6B9D1E613DE300C3E272 /* I18n.strings */; };
		F61B6BA01E614C7A00C3E272 /* StatusMenuController.swift in Sources */ = {isa = PBXBuildFile; fileRef = F61B6B9F1E614C7A00C3E272 /* StatusMenuController.swift */; };
		F61B6BA21E61787A00C3E272 /* AddVerifyKeyWindow.xib in Resources */ = {isa = PBXBuildFile; fileRef = F61B6BA11E61787A00C3E272 /* AddVerifyKeyWindow.xib */; };
		F61B6BA51E617EDE00C3E272 /* AddVerifyKeyWindow.swift in Sources */ = {isa = PBXBuildFile; fileRef = F61B6BA41E617EDE00C3E272 /* AddVerifyKeyWindow.swift */; };
		F61B6C4A1E61B78E00C3E272 /* HOTPGenerator.m in Sources */ = {isa = PBXBuildFile; fileRef = F61B6C431E61B78E00C3E272 /* HOTPGenerator.m */; };
		F61B6C4B1E61B78E00C3E272 /* OTPAuthURL.m in Sources */ = {isa = PBXBuildFile; fileRef = F61B6C451E61B78E00C3E272 /* OTPAuthURL.m */; };
		F61B6C4C1E61B78E00C3E272 /* OTPGenerator.m in Sources */ = {isa = PBXBuildFile; fileRef = F61B6C471E61B78E00C3E272 /* OTPGenerator.m */; };
		F61B6C4D1E61B78E00C3E272 /* TOTPGenerator.m in Sources */ = {isa = PBXBuildFile; fileRef = F61B6C491E61B78E00C3E272 /* TOTPGenerator.m */; };
		F61B6C561E61BE0100C3E272 /* libz.tbd in Frameworks */ = {isa = PBXBuildFile; fileRef = F61B6C551E61BE0100C3E272 /* libz.tbd */; };
		F61B6C571E61BE1C00C3E272 /* libsqlite3.tbd in Frameworks */ = {isa = PBXBuildFile; fileRef = F61B6C4F1E61B86900C3E272 /* libsqlite3.tbd */; };
		F630E1C51E62BA0F004FA7C1 /* OTPAuthURLParser.swift in Sources */ = {isa = PBXBuildFile; fileRef = F630E1C41E62BA0F004FA7C1 /* OTPAuthURLParser.swift */; };
		F635F4491E654B7D008B9048 /* KeyCode.swift in Sources */ = {isa = PBXBuildFile; fileRef = F635F4481E654B7D008B9048 /* KeyCode.swift */; };
		F644B4121FA2E36C00B4466C /* GTMStackTrace.m in Sources */ = {isa = PBXBuildFile; fileRef = F644B3B01FA2E35700B4466C /* GTMStackTrace.m */; };
		F644B4131FA2E36C00B4466C /* GTMNSObject+KeyValueObserving.m in Sources */ = {isa = PBXBuildFile; fileRef = F644B3B11FA2E35700B4466C /* GTMNSObject+KeyValueObserving.m */; };
		F644B41E1FA2E36D00B4466C /* GTMLightweightProxy.m in Sources */ = {isa = PBXBuildFile; fileRef = F644B3BF1FA2E35900B4466C /* GTMLightweightProxy.m */; };
		F644B4221FA2E36D00B4466C /* GTMNSFileHandle+UniqueName.m in Sources */ = {isa = PBXBuildFile; fileRef = F644B3C31FA2E35A00B4466C /* GTMNSFileHandle+UniqueName.m */; };
		F644B4231FA2E36D00B4466C /* GTMStringEncoding.m in Sources */ = {isa = PBXBuildFile; fileRef = F644B3C51FA2E35A00B4466C /* GTMStringEncoding.m */; };
		F644B4241FA2E36D00B4466C /* GTMSystemVersion.m in Sources */ = {isa = PBXBuildFile; fileRef = F644B3C81FA2E35A00B4466C /* GTMSystemVersion.m */; };
		F644B4251FA2E36D00B4466C /* GTMURLBuilder.m in Sources */ = {isa = PBXBuildFile; fileRef = F644B3C91FA2E35B00B4466C /* GTMURLBuilder.m */; };
		F644B4271FA2E36D00B4466C /* GTMNSFileManager+Path.m in Sources */ = {isa = PBXBuildFile; fileRef = F644B3CB1FA2E35B00B4466C /* GTMNSFileManager+Path.m */; };
		F644B4281FA2E36D00B4466C /* GTMNSString+URLArguments.m in Sources */ = {isa = PBXBuildFile; fileRef = F644B3CC1FA2E35B00B4466C /* GTMNSString+URLArguments.m */; };
		F644B4291FA2E36D00B4466C /* GTMNSThread+Blocks.m in Sources */ = {isa = PBXBuildFile; fileRef = F644B3CD1FA2E35B00B4466C /* GTMNSThread+Blocks.m */; };
		F644B42A1FA2E36D00B4466C /* GTMLogger+ASL.m in Sources */ = {isa = PBXBuildFile; fileRef = F644B3CE1FA2E35C00B4466C /* GTMLogger+ASL.m */; };
		F644B42B1FA2E36D00B4466C /* GTMNSData+zlib.m in Sources */ = {isa = PBXBuildFile; fileRef = F644B3CF1FA2E35C00B4466C /* GTMNSData+zlib.m */; };
		F644B42D1FA2E36D00B4466C /* GTMSignalHandler.m in Sources */ = {isa = PBXBuildFile; fileRef = F644B3D21FA2E35C00B4466C /* GTMSignalHandler.m */; };
		F644B42E1FA2E36D00B4466C /* GTMScriptRunner.m in Sources */ = {isa = PBXBuildFile; fileRef = F644B3D31FA2E35D00B4466C /* GTMScriptRunner.m */; };
		F644B4311FA2E36D00B4466C /* GTMObjC2Runtime.m in Sources */ = {isa = PBXBuildFile; fileRef = F644B3D81FA2E35E00B4466C /* GTMObjC2Runtime.m */; };
		F644B4331FA2E36D00B4466C /* GTMNSString+HTML.m in Sources */ = {isa = PBXBuildFile; fileRef = F644B3DE1FA2E35F00B4466C /* GTMNSString+HTML.m */; };
		F644B4341FA2E36D00B4466C /* GTMNSString+XML.m in Sources */ = {isa = PBXBuildFile; fileRef = F644B3DF1FA2E36000B4466C /* GTMNSString+XML.m */; };
		F644B4361FA2E36D00B4466C /* GTMNSFileManager+Carbon.m in Sources */ = {isa = PBXBuildFile; fileRef = F644B3E11FA2E36000B4466C /* GTMNSFileManager+Carbon.m */; };
		F644B4381FA2E36D00B4466C /* GTMSQLite.m in Sources */ = {isa = PBXBuildFile; fileRef = F644B3E31FA2E36000B4466C /* GTMSQLite.m */; };
		F644B43A1FA2E36D00B4466C /* GTMFileSystemKQueue.m in Sources */ = {isa = PBXBuildFile; fileRef = F644B3E61FA2E36100B4466C /* GTMFileSystemKQueue.m */; };
		F644B43C1FA2E36D00B4466C /* GTMNSNumber+64Bit.m in Sources */ = {isa = PBXBuildFile; fileRef = F644B3EC1FA2E36300B4466C /* GTMNSNumber+64Bit.m */; };
		F644B43D1FA2E36D00B4466C /* GTMNSArray+Merge.m in Sources */ = {isa = PBXBuildFile; fileRef = F644B3EE1FA2E36300B4466C /* GTMNSArray+Merge.m */; };
		F644B43E1FA2E36D00B4466C /* GTMNSString+Replace.m in Sources */ = {isa = PBXBuildFile; fileRef = F644B3EF1FA2E36400B4466C /* GTMNSString+Replace.m */; };
		F644B43F1FA2E36D00B4466C /* GTMNSScanner+JSON.m in Sources */ = {isa = PBXBuildFile; fileRef = F644B3F21FA2E36400B4466C /* GTMNSScanner+JSON.m */; };
		F644B4401FA2E36D00B4466C /* GTMLogger.m in Sources */ = {isa = PBXBuildFile; fileRef = F644B3F31FA2E36500B4466C /* GTMLogger.m */; };
		F644B4421FA2E36D00B4466C /* GTMPath.m in Sources */ = {isa = PBXBuildFile; fileRef = F644B3F71FA2E36600B4466C /* GTMPath.m */; };
		F644B4431FA2E36D00B4466C /* GTMNSString+FindFolder.m in Sources */ = {isa = PBXBuildFile; fileRef = F644B3F81FA2E36600B4466C /* GTMNSString+FindFolder.m */; };
		F644B4471FA2E36D00B4466C /* GTMGeometryUtils.m in Sources */ = {isa = PBXBuildFile; fileRef = F644B3FD1FA2E36700B4466C /* GTMGeometryUtils.m */; };
		F644B4491FA2E36D00B4466C /* GTMRegex.m in Sources */ = {isa = PBXBuildFile; fileRef = F644B4001FA2E36700B4466C /* GTMRegex.m */; };
		F644B44A1FA2E36D00B4466C /* GTMLoggerRingBufferWriter.m in Sources */ = {isa = PBXBuildFile; fileRef = F644B4021FA2E36800B4466C /* GTMLoggerRingBufferWriter.m */; };
		F644B44D1FA2E36D00B4466C /* GTMServiceManagement.c in Sources */ = {isa = PBXBuildFile; fileRef = F644B4071FA2E36A00B4466C /* GTMServiceManagement.c */; };
		F644B4501FA2E36D00B4466C /* GTMNSDictionary+URLArguments.m in Sources */ = {isa = PBXBuildFile; fileRef = F644B40F1FA2E36C00B4466C /* GTMNSDictionary+URLArguments.m */; };
		F644B45C1FA2E5B100B4466C /* GTMDebugThreadValidation.m in Sources */ = {isa = PBXBuildFile; fileRef = F644B4521FA2E5AF00B4466C /* GTMDebugThreadValidation.m */; };
		F644B45E1FA2E5B100B4466C /* GTMMethodCheck.m in Sources */ = {isa = PBXBuildFile; fileRef = F644B4591FA2E5B100B4466C /* GTMMethodCheck.m */; };
		F644B4601FA2E5B100B4466C /* GTMSynchronizationAsserts.m in Sources */ = {isa = PBXBuildFile; fileRef = F644B45B1FA2E5B100B4466C /* GTMSynchronizationAsserts.m */; };
		F653584C1E632AB500DD2FAB /* Constant.swift in Sources */ = {isa = PBXBuildFile; fileRef = F653584B1E632AB500DD2FAB /* Constant.swift */; };
		F699811E1E6AC75900DDA6CA /* HttpServer.swift in Sources */ = {isa = PBXBuildFile; fileRef = F699811D1E6AC75900DDA6CA /* HttpServer.swift */; };
		F69981201E6AD88500DDA6CA /* KeyboardMonitor.swift in Sources */ = {isa = PBXBuildFile; fileRef = F699811F1E6AD88500DDA6CA /* KeyboardMonitor.swift */; };
		F69981231E6AE55700DDA6CA /* HTTPPortConfigWindow.swift in Sources */ = {isa = PBXBuildFile; fileRef = F69981211E6AE55700DDA6CA /* HTTPPortConfigWindow.swift */; };
		F69981241E6AE55700DDA6CA /* HTTPPortConfigWindow.xib in Resources */ = {isa = PBXBuildFile; fileRef = F69981221E6AE55700DDA6CA /* HTTPPortConfigWindow.xib */; };
		F6D14B791E6273460078FD22 /* DataManager.swift in Sources */ = {isa = PBXBuildFile; fileRef = F6D14B781E6273460078FD22 /* DataManager.swift */; };
		F6E039261E6473F2009499DD /* Carbon.framework in Frameworks */ = {isa = PBXBuildFile; fileRef = F6E039251E6473F2009499DD /* Carbon.framework */; };
		F6E3C59E1E6501FD00DB4EA6 /* SimulateKeyBoardEvent.swift in Sources */ = {isa = PBXBuildFile; fileRef = F6E3C59D1E6501FD00DB4EA6 /* SimulateKeyBoardEvent.swift */; };
/* End PBXBuildFile section */

/* Begin PBXFileReference section */
		57A3C1B1D39C230CC7385FD7 /* Pods_GoldenPassport.framework */ = {isa = PBXFileReference; explicitFileType = wrapper.framework; includeInIndex = 0; path = Pods_GoldenPassport.framework; sourceTree = BUILT_PRODUCTS_DIR; };
		609363E68683419B32E33CDD /* Pods-GoldenPassport.debug.xcconfig */ = {isa = PBXFileReference; includeInIndex = 1; lastKnownFileType = text.xcconfig; name = "Pods-GoldenPassport.debug.xcconfig"; path = "Pods/Target Support Files/Pods-GoldenPassport/Pods-GoldenPassport.debug.xcconfig"; sourceTree = "<group>"; };
		828169139D875ED2E51025BD /* Pods-GoldenPassport.release.xcconfig */ = {isa = PBXFileReference; includeInIndex = 1; lastKnownFileType = text.xcconfig; name = "Pods-GoldenPassport.release.xcconfig"; path = "Pods/Target Support Files/Pods-GoldenPassport/Pods-GoldenPassport.release.xcconfig"; sourceTree = "<group>"; };
		F61B6B861E6135B600C3E272 /* GoldenPassport.app */ = {isa = PBXFileReference; explicitFileType = wrapper.application; includeInIndex = 0; path = GoldenPassport.app; sourceTree = BUILT_PRODUCTS_DIR; };
		F61B6B891E6135B600C3E272 /* AppDelegate.swift */ = {isa = PBXFileReference; lastKnownFileType = sourcecode.swift; path = AppDelegate.swift; sourceTree = "<group>"; };
		F61B6B8B1E6135B600C3E272 /* Assets.xcassets */ = {isa = PBXFileReference; lastKnownFileType = folder.assetcatalog; path = Assets.xcassets; sourceTree = "<group>"; };
		F61B6B8E1E6135B600C3E272 /* Base */ = {isa = PBXFileReference; lastKnownFileType = file.xib; name = Base; path = Base.lproj/MainMenu.xib; sourceTree = "<group>"; };
		F61B6B901E6135B600C3E272 /* Info.plist */ = {isa = PBXFileReference; lastKnownFileType = text.plist.xml; path = Info.plist; sourceTree = "<group>"; };
		F61B6B971E613BE000C3E272 /* en */ = {isa = PBXFileReference; lastKnownFileType = text.plist.strings; name = en; path = en.lproj/MainMenu.strings; sourceTree = "<group>"; };
		F61B6B981E613D0200C3E272 /* zh-Hans */ = {isa = PBXFileReference; lastKnownFileType = text.plist.strings; name = "zh-Hans"; path = "zh-Hans.lproj/MainMenu.strings"; sourceTree = "<group>"; };
		F61B6B9C1E613DE300C3E272 /* en */ = {isa = PBXFileReference; lastKnownFileType = text.plist.strings; name = en; path = en.lproj/I18n.strings; sourceTree = "<group>"; };
		F61B6B9E1E613DE500C3E272 /* zh-Hans */ = {isa = PBXFileReference; lastKnownFileType = text.plist.strings; name = "zh-Hans"; path = "zh-Hans.lproj/I18n.strings"; sourceTree = "<group>"; };
		F61B6B9F1E614C7A00C3E272 /* StatusMenuController.swift */ = {isa = PBXFileReference; fileEncoding = 4; lastKnownFileType = sourcecode.swift; path = StatusMenuController.swift; sourceTree = "<group>"; };
		F61B6BA11E61787A00C3E272 /* AddVerifyKeyWindow.xib */ = {isa = PBXFileReference; fileEncoding = 4; lastKnownFileType = file.xib; path = AddVerifyKeyWindow.xib; sourceTree = "<group>"; };
		F61B6BA41E617EDE00C3E272 /* AddVerifyKeyWindow.swift */ = {isa = PBXFileReference; fileEncoding = 4; lastKnownFileType = sourcecode.swift; path = AddVerifyKeyWindow.swift; sourceTree = "<group>"; };
		F61B6BA81E61B76D00C3E272 /* GoldenPassport-Bridging-Header.h */ = {isa = PBXFileReference; lastKnownFileType = sourcecode.c.h; path = "GoldenPassport-Bridging-Header.h"; sourceTree = "<group>"; };
		F61B6C421E61B78E00C3E272 /* HOTPGenerator.h */ = {isa = PBXFileReference; fileEncoding = 4; lastKnownFileType = sourcecode.c.h; name = HOTPGenerator.h; path = OTPAuth/HOTPGenerator.h; sourceTree = "<group>"; };
		F61B6C431E61B78E00C3E272 /* HOTPGenerator.m */ = {isa = PBXFileReference; fileEncoding = 4; lastKnownFileType = sourcecode.c.objc; name = HOTPGenerator.m; path = OTPAuth/HOTPGenerator.m; sourceTree = "<group>"; };
		F61B6C441E61B78E00C3E272 /* OTPAuthURL.h */ = {isa = PBXFileReference; fileEncoding = 4; lastKnownFileType = sourcecode.c.h; name = OTPAuthURL.h; path = OTPAuth/OTPAuthURL.h; sourceTree = "<group>"; };
		F61B6C451E61B78E00C3E272 /* OTPAuthURL.m */ = {isa = PBXFileReference; fileEncoding = 4; lastKnownFileType = sourcecode.c.objc; name = OTPAuthURL.m; path = OTPAuth/OTPAuthURL.m; sourceTree = "<group>"; };
		F61B6C461E61B78E00C3E272 /* OTPGenerator.h */ = {isa = PBXFileReference; fileEncoding = 4; lastKnownFileType = sourcecode.c.h; name = OTPGenerator.h; path = OTPAuth/OTPGenerator.h; sourceTree = "<group>"; };
		F61B6C471E61B78E00C3E272 /* OTPGenerator.m */ = {isa = PBXFileReference; fileEncoding = 4; lastKnownFileType = sourcecode.c.objc; name = OTPGenerator.m; path = OTPAuth/OTPGenerator.m; sourceTree = "<group>"; };
		F61B6C481E61B78E00C3E272 /* TOTPGenerator.h */ = {isa = PBXFileReference; fileEncoding = 4; lastKnownFileType = sourcecode.c.h; name = TOTPGenerator.h; path = OTPAuth/TOTPGenerator.h; sourceTree = "<group>"; };
		F61B6C491E61B78E00C3E272 /* TOTPGenerator.m */ = {isa = PBXFileReference; fileEncoding = 4; lastKnownFileType = sourcecode.c.objc; name = TOTPGenerator.m; path = OTPAuth/TOTPGenerator.m; sourceTree = "<group>"; };
		F61B6C4F1E61B86900C3E272 /* libsqlite3.tbd */ = {isa = PBXFileReference; lastKnownFileType = "sourcecode.text-based-dylib-definition"; name = libsqlite3.tbd; path = usr/lib/libsqlite3.tbd; sourceTree = SDKROOT; };
		F61B6C551E61BE0100C3E272 /* libz.tbd */ = {isa = PBXFileReference; lastKnownFileType = "sourcecode.text-based-dylib-definition"; name = libz.tbd; path = usr/lib/libz.tbd; sourceTree = SDKROOT; };
		F630E1C41E62BA0F004FA7C1 /* OTPAuthURLParser.swift */ = {isa = PBXFileReference; fileEncoding = 4; lastKnownFileType = sourcecode.swift; path = OTPAuthURLParser.swift; sourceTree = "<group>"; };
		F635F4481E654B7D008B9048 /* KeyCode.swift */ = {isa = PBXFileReference; fileEncoding = 4; lastKnownFileType = sourcecode.swift; path = KeyCode.swift; sourceTree = "<group>"; };
		F644B3AE1FA2E35700B4466C /* GTMNSString+HTML.h */ = {isa = PBXFileReference; fileEncoding = 4; lastKnownFileType = sourcecode.c.h; name = "GTMNSString+HTML.h"; path = "google-toolbox-for-mac/GTMNSString+HTML.h"; sourceTree = "<group>"; };
		F644B3B01FA2E35700B4466C /* GTMStackTrace.m */ = {isa = PBXFileReference; fileEncoding = 4; lastKnownFileType = sourcecode.c.objc; name = GTMStackTrace.m; path = "google-toolbox-for-mac/GTMStackTrace.m"; sourceTree = "<group>"; };
		F644B3B11FA2E35700B4466C /* GTMNSObject+KeyValueObserving.m */ = {isa = PBXFileReference; fileEncoding = 4; lastKnownFileType = sourcecode.c.objc; name = "GTMNSObject+KeyValueObserving.m"; path = "google-toolbox-for-mac/GTMNSObject+KeyValueObserving.m"; sourceTree = "<group>"; };
		F644B3B41FA2E35800B4466C /* GTMNSString+Replace.h */ = {isa = PBXFileReference; fileEncoding = 4; lastKnownFileType = sourcecode.c.h; name = "GTMNSString+Replace.h"; path = "google-toolbox-for-mac/GTMNSString+Replace.h"; sourceTree = "<group>"; };
		F644B3B81FA2E35800B4466C /* GTMGeometryUtils.h */ = {isa = PBXFileReference; fileEncoding = 4; lastKnownFileType = sourcecode.c.h; name = GTMGeometryUtils.h; path = "google-toolbox-for-mac/GTMGeometryUtils.h"; sourceTree = "<group>"; };
		F644B3BC1FA2E35900B4466C /* GTMNSString+FindFolder.h */ = {isa = PBXFileReference; fileEncoding = 4; lastKnownFileType = sourcecode.c.h; name = "GTMNSString+FindFolder.h"; path = "google-toolbox-for-mac/GTMNSString+FindFolder.h"; sourceTree = "<group>"; };
		F644B3BF1FA2E35900B4466C /* GTMLightweightProxy.m */ = {isa = PBXFileReference; fileEncoding = 4; lastKnownFileType = sourcecode.c.objc; name = GTMLightweightProxy.m; path = "google-toolbox-for-mac/GTMLightweightProxy.m"; sourceTree = "<group>"; };
		F644B3C31FA2E35A00B4466C /* GTMNSFileHandle+UniqueName.m */ = {isa = PBXFileReference; fileEncoding = 4; lastKnownFileType = sourcecode.c.objc; name = "GTMNSFileHandle+UniqueName.m"; path = "google-toolbox-for-mac/GTMNSFileHandle+UniqueName.m"; sourceTree = "<group>"; };
		F644B3C41FA2E35A00B4466C /* GTMStringEncoding.h */ = {isa = PBXFileReference; fileEncoding = 4; lastKnownFileType = sourcecode.c.h; name = GTMStringEncoding.h; path = "google-toolbox-for-mac/GTMStringEncoding.h"; sourceTree = "<group>"; };
		F644B3C51FA2E35A00B4466C /* GTMStringEncoding.m */ = {isa = PBXFileReference; fileEncoding = 4; lastKnownFileType = sourcecode.c.objc; name = GTMStringEncoding.m; path = "google-toolbox-for-mac/GTMStringEncoding.m"; sourceTree = "<group>"; };
		F644B3C61FA2E35A00B4466C /* GTMNSString+XML.h */ = {isa = PBXFileReference; fileEncoding = 4; lastKnownFileType = sourcecode.c.h; name = "GTMNSString+XML.h"; path = "google-toolbox-for-mac/GTMNSString+XML.h"; sourceTree = "<group>"; };
		F644B3C71FA2E35A00B4466C /* GTMNSData+zlib.h */ = {isa = PBXFileReference; fileEncoding = 4; lastKnownFileType = sourcecode.c.h; name = "GTMNSData+zlib.h"; path = "google-toolbox-for-mac/GTMNSData+zlib.h"; sourceTree = "<group>"; };
		F644B3C81FA2E35A00B4466C /* GTMSystemVersion.m */ = {isa = PBXFileReference; fileEncoding = 4; lastKnownFileType = sourcecode.c.objc; name = GTMSystemVersion.m; path = "google-toolbox-for-mac/GTMSystemVersion.m"; sourceTree = "<group>"; };
		F644B3C91FA2E35B00B4466C /* GTMURLBuilder.m */ = {isa = PBXFileReference; fileEncoding = 4; lastKnownFileType = sourcecode.c.objc; name = GTMURLBuilder.m; path = "google-toolbox-for-mac/GTMURLBuilder.m"; sourceTree = "<group>"; };
		F644B3CB1FA2E35B00B4466C /* GTMNSFileManager+Path.m */ = {isa = PBXFileReference; fileEncoding = 4; lastKnownFileType = sourcecode.c.objc; name = "GTMNSFileManager+Path.m"; path = "google-toolbox-for-mac/GTMNSFileManager+Path.m"; sourceTree = "<group>"; };
		F644B3CC1FA2E35B00B4466C /* GTMNSString+URLArguments.m */ = {isa = PBXFileReference; fileEncoding = 4; lastKnownFileType = sourcecode.c.objc; name = "GTMNSString+URLArguments.m"; path = "google-toolbox-for-mac/GTMNSString+URLArguments.m"; sourceTree = "<group>"; };
		F644B3CD1FA2E35B00B4466C /* GTMNSThread+Blocks.m */ = {isa = PBXFileReference; fileEncoding = 4; lastKnownFileType = sourcecode.c.objc; name = "GTMNSThread+Blocks.m"; path = "google-toolbox-for-mac/GTMNSThread+Blocks.m"; sourceTree = "<group>"; };
		F644B3CE1FA2E35C00B4466C /* GTMLogger+ASL.m */ = {isa = PBXFileReference; fileEncoding = 4; lastKnownFileType = sourcecode.c.objc; name = "GTMLogger+ASL.m"; path = "google-toolbox-for-mac/GTMLogger+ASL.m"; sourceTree = "<group>"; };
		F644B3CF1FA2E35C00B4466C /* GTMNSData+zlib.m */ = {isa = PBXFileReference; fileEncoding = 4; lastKnownFileType = sourcecode.c.objc; name = "GTMNSData+zlib.m"; path = "google-toolbox-for-mac/GTMNSData+zlib.m"; sourceTree = "<group>"; };
		F644B3D01FA2E35C00B4466C /* GTMLoggerRingBufferWriter.h */ = {isa = PBXFileReference; fileEncoding = 4; lastKnownFileType = sourcecode.c.h; name = GTMLoggerRingBufferWriter.h; path = "google-toolbox-for-mac/GTMLoggerRingBufferWriter.h"; sourceTree = "<group>"; };
		F644B3D21FA2E35C00B4466C /* GTMSignalHandler.m */ = {isa = PBXFileReference; fileEncoding = 4; lastKnownFileType = sourcecode.c.objc; name = GTMSignalHandler.m; path = "google-toolbox-for-mac/GTMSignalHandler.m"; sourceTree = "<group>"; };
		F644B3D31FA2E35D00B4466C /* GTMScriptRunner.m */ = {isa = PBXFileReference; fileEncoding = 4; lastKnownFileType = sourcecode.c.objc; name = GTMScriptRunner.m; path = "google-toolbox-for-mac/GTMScriptRunner.m"; sourceTree = "<group>"; };
		F644B3D51FA2E35D00B4466C /* GTMLocalizedString.h */ = {isa = PBXFileReference; fileEncoding = 4; lastKnownFileType = sourcecode.c.h; name = GTMLocalizedString.h; path = "google-toolbox-for-mac/GTMLocalizedString.h"; sourceTree = "<group>"; };
		F644B3D71FA2E35E00B4466C /* GTMLogger+ASL.h */ = {isa = PBXFileReference; fileEncoding = 4; lastKnownFileType = sourcecode.c.h; name = "GTMLogger+ASL.h"; path = "google-toolbox-for-mac/GTMLogger+ASL.h"; sourceTree = "<group>"; };
		F644B3D81FA2E35E00B4466C /* GTMObjC2Runtime.m */ = {isa = PBXFileReference; fileEncoding = 4; lastKnownFileType = sourcecode.c.objc; name = GTMObjC2Runtime.m; path = "google-toolbox-for-mac/GTMObjC2Runtime.m"; sourceTree = "<group>"; };
		F644B3D91FA2E35E00B4466C /* GTMNSArray+Merge.h */ = {isa = PBXFileReference; fileEncoding = 4; lastKnownFileType = sourcecode.c.h; name = "GTMNSArray+Merge.h"; path = "google-toolbox-for-mac/GTMNSArray+Merge.h"; sourceTree = "<group>"; };
		F644B3DA1FA2E35E00B4466C /* GTMLightweightProxy.h */ = {isa = PBXFileReference; fileEncoding = 4; lastKnownFileType = sourcecode.c.h; name = GTMLightweightProxy.h; path = "google-toolbox-for-mac/GTMLightweightProxy.h"; sourceTree = "<group>"; };
		F644B3DB1FA2E35F00B4466C /* GTMScriptRunner.h */ = {isa = PBXFileReference; fileEncoding = 4; lastKnownFileType = sourcecode.c.h; name = GTMScriptRunner.h; path = "google-toolbox-for-mac/GTMScriptRunner.h"; sourceTree = "<group>"; };
		F644B3DC1FA2E35F00B4466C /* GTMStackTrace.h */ = {isa = PBXFileReference; fileEncoding = 4; lastKnownFileType = sourcecode.c.h; name = GTMStackTrace.h; path = "google-toolbox-for-mac/GTMStackTrace.h"; sourceTree = "<group>"; };
		F644B3DE1FA2E35F00B4466C /* GTMNSString+HTML.m */ = {isa = PBXFileReference; fileEncoding = 4; lastKnownFileType = sourcecode.c.objc; name = "GTMNSString+HTML.m"; path = "google-toolbox-for-mac/GTMNSString+HTML.m"; sourceTree = "<group>"; };
		F644B3DF1FA2E36000B4466C /* GTMNSString+XML.m */ = {isa = PBXFileReference; fileEncoding = 4; lastKnownFileType = sourcecode.c.objc; name = "GTMNSString+XML.m"; path = "google-toolbox-for-mac/GTMNSString+XML.m"; sourceTree = "<group>"; };
		F644B3E11FA2E36000B4466C /* GTMNSFileManager+Carbon.m */ = {isa = PBXFileReference; fileEncoding = 4; lastKnownFileType = sourcecode.c.objc; name = "GTMNSFileManager+Carbon.m"; path = "google-toolbox-for-mac/GTMNSFileManager+Carbon.m"; sourceTree = "<group>"; };
		F644B3E31FA2E36000B4466C /* GTMSQLite.m */ = {isa = PBXFileReference; fileEncoding = 4; lastKnownFileType = sourcecode.c.objc; name = GTMSQLite.m; path = "google-toolbox-for-mac/GTMSQLite.m"; sourceTree = "<group>"; };
		F644B3E41FA2E36100B4466C /* GTMSignalHandler.h */ = {isa = PBXFileReference; fileEncoding = 4; lastKnownFileType = sourcecode.c.h; name = GTMSignalHandler.h; path = "google-toolbox-for-mac/GTMSignalHandler.h"; sourceTree = "<group>"; };
		F644B3E61FA2E36100B4466C /* GTMFileSystemKQueue.m */ = {isa = PBXFileReference; fileEncoding = 4; lastKnownFileType = sourcecode.c.objc; name = GTMFileSystemKQueue.m; path = "google-toolbox-for-mac/GTMFileSystemKQueue.m"; sourceTree = "<group>"; };
		F644B3E81FA2E36200B4466C /* GTMNSScanner+JSON.h */ = {isa = PBXFileReference; fileEncoding = 4; lastKnownFileType = sourcecode.c.h; name = "GTMNSScanner+JSON.h"; path = "google-toolbox-for-mac/GTMNSScanner+JSON.h"; sourceTree = "<group>"; };
		F644B3E91FA2E36200B4466C /* GTMRegex.h */ = {isa = PBXFileReference; fileEncoding = 4; lastKnownFileType = sourcecode.c.h; name = GTMRegex.h; path = "google-toolbox-for-mac/GTMRegex.h"; sourceTree = "<group>"; };
		F644B3EA1FA2E36200B4466C /* GTMLogger.h */ = {isa = PBXFileReference; fileEncoding = 4; lastKnownFileType = sourcecode.c.h; name = GTMLogger.h; path = "google-toolbox-for-mac/GTMLogger.h"; sourceTree = "<group>"; };
		F644B3EB1FA2E36200B4466C /* GTMNSThread+Blocks.h */ = {isa = PBXFileReference; fileEncoding = 4; lastKnownFileType = sourcecode.c.h; name = "GTMNSThread+Blocks.h"; path = "google-toolbox-for-mac/GTMNSThread+Blocks.h"; sourceTree = "<group>"; };
		F644B3EC1FA2E36300B4466C /* GTMNSNumber+64Bit.m */ = {isa = PBXFileReference; fileEncoding = 4; lastKnownFileType = sourcecode.c.objc; name = "GTMNSNumber+64Bit.m"; path = "google-toolbox-for-mac/GTMNSNumber+64Bit.m"; sourceTree = "<group>"; };
		F644B3ED1FA2E36300B4466C /* GTMNSString+URLArguments.h */ = {isa = PBXFileReference; fileEncoding = 4; lastKnownFileType = sourcecode.c.h; name = "GTMNSString+URLArguments.h"; path = "google-toolbox-for-mac/GTMNSString+URLArguments.h"; sourceTree = "<group>"; };
		F644B3EE1FA2E36300B4466C /* GTMNSArray+Merge.m */ = {isa = PBXFileReference; fileEncoding = 4; lastKnownFileType = sourcecode.c.objc; name = "GTMNSArray+Merge.m"; path = "google-toolbox-for-mac/GTMNSArray+Merge.m"; sourceTree = "<group>"; };
		F644B3EF1FA2E36400B4466C /* GTMNSString+Replace.m */ = {isa = PBXFileReference; fileEncoding = 4; lastKnownFileType = sourcecode.c.objc; name = "GTMNSString+Replace.m"; path = "google-toolbox-for-mac/GTMNSString+Replace.m"; sourceTree = "<group>"; };
		F644B3F01FA2E36400B4466C /* GTMNSObject+KeyValueObserving.h */ = {isa = PBXFileReference; fileEncoding = 4; lastKnownFileType = sourcecode.c.h; name = "GTMNSObject+KeyValueObserving.h"; path = "google-toolbox-for-mac/GTMNSObject+KeyValueObserving.h"; sourceTree = "<group>"; };
		F644B3F11FA2E36400B4466C /* GTMServiceManagement.h */ = {isa = PBXFileReference; fileEncoding = 4; lastKnownFileType = sourcecode.c.h; name = GTMServiceManagement.h; path = "google-toolbox-for-mac/GTMServiceManagement.h"; sourceTree = "<group>"; };
		F644B3F21FA2E36400B4466C /* GTMNSScanner+JSON.m */ = {isa = PBXFileReference; fileEncoding = 4; lastKnownFileType = sourcecode.c.objc; name = "GTMNSScanner+JSON.m"; path = "google-toolbox-for-mac/GTMNSScanner+JSON.m"; sourceTree = "<group>"; };
		F644B3F31FA2E36500B4466C /* GTMLogger.m */ = {isa = PBXFileReference; fileEncoding = 4; lastKnownFileType = sourcecode.c.objc; name = GTMLogger.m; path = "google-toolbox-for-mac/GTMLogger.m"; sourceTree = "<group>"; };
		F644B3F51FA2E36500B4466C /* GTMSQLite.h */ = {isa = PBXFileReference; fileEncoding = 4; lastKnownFileType = sourcecode.c.h; name = GTMSQLite.h; path = "google-toolbox-for-mac/GTMSQLite.h"; sourceTree = "<group>"; };
		F644B3F61FA2E36500B4466C /* GTMNSFileManager+Carbon.h */ = {isa = PBXFileReference; fileEncoding = 4; lastKnownFileType = sourcecode.c.h; name = "GTMNSFileManager+Carbon.h"; path = "google-toolbox-for-mac/GTMNSFileManager+Carbon.h"; sourceTree = "<group>"; };
		F644B3F71FA2E36600B4466C /* GTMPath.m */ = {isa = PBXFileReference; fileEncoding = 4; lastKnownFileType = sourcecode.c.objc; name = GTMPath.m; path = "google-toolbox-for-mac/GTMPath.m"; sourceTree = "<group>"; };
		F644B3F81FA2E36600B4466C /* GTMNSString+FindFolder.m */ = {isa = PBXFileReference; fileEncoding = 4; lastKnownFileType = sourcecode.c.objc; name = "GTMNSString+FindFolder.m"; path = "google-toolbox-for-mac/GTMNSString+FindFolder.m"; sourceTree = "<group>"; };
		F644B3F91FA2E36600B4466C /* GTMObjectSingleton.h */ = {isa = PBXFileReference; fileEncoding = 4; lastKnownFileType = sourcecode.c.h; name = GTMObjectSingleton.h; path = "google-toolbox-for-mac/GTMObjectSingleton.h"; sourceTree = "<group>"; };
		F644B3FD1FA2E36700B4466C /* GTMGeometryUtils.m */ = {isa = PBXFileReference; fileEncoding = 4; lastKnownFileType = sourcecode.c.objc; name = GTMGeometryUtils.m; path = "google-toolbox-for-mac/GTMGeometryUtils.m"; sourceTree = "<group>"; };
		F644B3FF1FA2E36700B4466C /* GTMURLBuilder.h */ = {isa = PBXFileReference; fileEncoding = 4; lastKnownFileType = sourcecode.c.h; name = GTMURLBuilder.h; path = "google-toolbox-for-mac/GTMURLBuilder.h"; sourceTree = "<group>"; };
		F644B4001FA2E36700B4466C /* GTMRegex.m */ = {isa = PBXFileReference; fileEncoding = 4; lastKnownFileType = sourcecode.c.objc; name = GTMRegex.m; path = "google-toolbox-for-mac/GTMRegex.m"; sourceTree = "<group>"; };
		F644B4011FA2E36800B4466C /* GTMFileSystemKQueue.h */ = {isa = PBXFileReference; fileEncoding = 4; lastKnownFileType = sourcecode.c.h; name = GTMFileSystemKQueue.h; path = "google-toolbox-for-mac/GTMFileSystemKQueue.h"; sourceTree = "<group>"; };
		F644B4021FA2E36800B4466C /* GTMLoggerRingBufferWriter.m */ = {isa = PBXFileReference; fileEncoding = 4; lastKnownFileType = sourcecode.c.objc; name = GTMLoggerRingBufferWriter.m; path = "google-toolbox-for-mac/GTMLoggerRingBufferWriter.m"; sourceTree = "<group>"; };
		F644B4031FA2E36900B4466C /* GTMNSFileHandle+UniqueName.h */ = {isa = PBXFileReference; fileEncoding = 4; lastKnownFileType = sourcecode.c.h; name = "GTMNSFileHandle+UniqueName.h"; path = "google-toolbox-for-mac/GTMNSFileHandle+UniqueName.h"; sourceTree = "<group>"; };
		F644B4061FA2E36A00B4466C /* GTMPath.h */ = {isa = PBXFileReference; fileEncoding = 4; lastKnownFileType = sourcecode.c.h; name = GTMPath.h; path = "google-toolbox-for-mac/GTMPath.h"; sourceTree = "<group>"; };
		F644B4071FA2E36A00B4466C /* GTMServiceManagement.c */ = {isa = PBXFileReference; fileEncoding = 4; lastKnownFileType = sourcecode.c.c; name = GTMServiceManagement.c; path = "google-toolbox-for-mac/GTMServiceManagement.c"; sourceTree = "<group>"; };
		F644B4091FA2E36A00B4466C /* GTMNSDictionary+URLArguments.h */ = {isa = PBXFileReference; fileEncoding = 4; lastKnownFileType = sourcecode.c.h; name = "GTMNSDictionary+URLArguments.h"; path = "google-toolbox-for-mac/GTMNSDictionary+URLArguments.h"; sourceTree = "<group>"; };
		F644B40A1FA2E36B00B4466C /* GTMNSNumber+64Bit.h */ = {isa = PBXFileReference; fileEncoding = 4; lastKnownFileType = sourcecode.c.h; name = "GTMNSNumber+64Bit.h"; path = "google-toolbox-for-mac/GTMNSNumber+64Bit.h"; sourceTree = "<group>"; };
		F644B40C1FA2E36B00B4466C /* GTMNSFileManager+Path.h */ = {isa = PBXFileReference; fileEncoding = 4; lastKnownFileType = sourcecode.c.h; name = "GTMNSFileManager+Path.h"; path = "google-toolbox-for-mac/GTMNSFileManager+Path.h"; sourceTree = "<group>"; };
		F644B40D1FA2E36C00B4466C /* GTMObjC2Runtime.h */ = {isa = PBXFileReference; fileEncoding = 4; lastKnownFileType = sourcecode.c.h; name = GTMObjC2Runtime.h; path = "google-toolbox-for-mac/GTMObjC2Runtime.h"; sourceTree = "<group>"; };
		F644B40E1FA2E36C00B4466C /* GTMSystemVersion.h */ = {isa = PBXFileReference; fileEncoding = 4; lastKnownFileType = sourcecode.c.h; name = GTMSystemVersion.h; path = "google-toolbox-for-mac/GTMSystemVersion.h"; sourceTree = "<group>"; };
		F644B40F1FA2E36C00B4466C /* GTMNSDictionary+URLArguments.m */ = {isa = PBXFileReference; fileEncoding = 4; lastKnownFileType = sourcecode.c.objc; name = "GTMNSDictionary+URLArguments.m"; path = "google-toolbox-for-mac/GTMNSDictionary+URLArguments.m"; sourceTree = "<group>"; };
		F644B4511FA2E49200B4466C /* GTMDefines.h */ = {isa = PBXFileReference; fileEncoding = 4; lastKnownFileType = sourcecode.c.h; name = GTMDefines.h; path = "google-toolbox-for-mac/GTMDefines.h"; sourceTree = "<group>"; };
		F644B4521FA2E5AF00B4466C /* GTMDebugThreadValidation.m */ = {isa = PBXFileReference; fileEncoding = 4; lastKnownFileType = sourcecode.c.objc; name = GTMDebugThreadValidation.m; path = "google-toolbox-for-mac/GTMDebugThreadValidation.m"; sourceTree = "<group>"; };
		F644B4531FA2E5AF00B4466C /* GTMSynchronizationAsserts.h */ = {isa = PBXFileReference; fileEncoding = 4; lastKnownFileType = sourcecode.c.h; name = GTMSynchronizationAsserts.h; path = "google-toolbox-for-mac/GTMSynchronizationAsserts.h"; sourceTree = "<group>"; };
		F644B4541FA2E5AF00B4466C /* GTMTypeCasting.h */ = {isa = PBXFileReference; fileEncoding = 4; lastKnownFileType = sourcecode.c.h; name = GTMTypeCasting.h; path = "google-toolbox-for-mac/GTMTypeCasting.h"; sourceTree = "<group>"; };
		F644B4551FA2E5B000B4466C /* GTMDebugSelectorValidation.h */ = {isa = PBXFileReference; fileEncoding = 4; lastKnownFileType = sourcecode.c.h; name = GTMDebugSelectorValidation.h; path = "google-toolbox-for-mac/GTMDebugSelectorValidation.h"; sourceTree = "<group>"; };
		F644B4571FA2E5B000B4466C /* GTMDebugThreadValidation.h */ = {isa = PBXFileReference; fileEncoding = 4; lastKnownFileType = sourcecode.c.h; name = GTMDebugThreadValidation.h; path = "google-toolbox-for-mac/GTMDebugThreadValidation.h"; sourceTree = "<group>"; };
		F644B4581FA2E5B000B4466C /* GTMMethodCheck.h */ = {isa = PBXFileReference; fileEncoding = 4; lastKnownFileType = sourcecode.c.h; name = GTMMethodCheck.h; path = "google-toolbox-for-mac/GTMMethodCheck.h"; sourceTree = "<group>"; };
		F644B4591FA2E5B100B4466C /* GTMMethodCheck.m */ = {isa = PBXFileReference; fileEncoding = 4; lastKnownFileType = sourcecode.c.objc; name = GTMMethodCheck.m; path = "google-toolbox-for-mac/GTMMethodCheck.m"; sourceTree = "<group>"; };
		F644B45B1FA2E5B100B4466C /* GTMSynchronizationAsserts.m */ = {isa = PBXFileReference; fileEncoding = 4; lastKnownFileType = sourcecode.c.objc; name = GTMSynchronizationAsserts.m; path = "google-toolbox-for-mac/GTMSynchronizationAsserts.m"; sourceTree = "<group>"; };
		F653584B1E632AB500DD2FAB /* Constant.swift */ = {isa = PBXFileReference; fileEncoding = 4; lastKnownFileType = sourcecode.swift; path = Constant.swift; sourceTree = "<group>"; };
		F699811D1E6AC75900DDA6CA /* HttpServer.swift */ = {isa = PBXFileReference; fileEncoding = 4; lastKnownFileType = sourcecode.swift; path = HttpServer.swift; sourceTree = "<group>"; };
		F699811F1E6AD88500DDA6CA /* KeyboardMonitor.swift */ = {isa = PBXFileReference; fileEncoding = 4; lastKnownFileType = sourcecode.swift; path = KeyboardMonitor.swift; sourceTree = "<group>"; };
		F69981211E6AE55700DDA6CA /* HTTPPortConfigWindow.swift */ = {isa = PBXFileReference; fileEncoding = 4; lastKnownFileType = sourcecode.swift; path = HTTPPortConfigWindow.swift; sourceTree = "<group>"; };
		F69981221E6AE55700DDA6CA /* HTTPPortConfigWindow.xib */ = {isa = PBXFileReference; fileEncoding = 4; lastKnownFileType = file.xib; path = HTTPPortConfigWindow.xib; sourceTree = "<group>"; };
		F6D14B781E6273460078FD22 /* DataManager.swift */ = {isa = PBXFileReference; fileEncoding = 4; lastKnownFileType = sourcecode.swift; path = DataManager.swift; sourceTree = "<group>"; };
		F6E039251E6473F2009499DD /* Carbon.framework */ = {isa = PBXFileReference; lastKnownFileType = wrapper.framework; name = Carbon.framework; path = System/Library/Frameworks/Carbon.framework; sourceTree = SDKROOT; };
		F6E3C59D1E6501FD00DB4EA6 /* SimulateKeyBoardEvent.swift */ = {isa = PBXFileReference; fileEncoding = 4; lastKnownFileType = sourcecode.swift; path = SimulateKeyBoardEvent.swift; sourceTree = "<group>"; };
/* End PBXFileReference section */

/* Begin PBXFrameworksBuildPhase section */
		F61B6B831E6135B600C3E272 /* Frameworks */ = {
			isa = PBXFrameworksBuildPhase;
			buildActionMask = 2147483647;
			files = (
				F6E039261E6473F2009499DD /* Carbon.framework in Frameworks */,
				F61B6C571E61BE1C00C3E272 /* libsqlite3.tbd in Frameworks */,
				F61B6C561E61BE0100C3E272 /* libz.tbd in Frameworks */,
				B01F360F794108C7111E68EA /* Pods_GoldenPassport.framework in Frameworks */,
			);
			runOnlyForDeploymentPostprocessing = 0;
		};
/* End PBXFrameworksBuildPhase section */

/* Begin PBXGroup section */
		079B7EB5A347DA8FBD96B164 /* Pods */ = {
			isa = PBXGroup;
			children = (
				609363E68683419B32E33CDD /* Pods-GoldenPassport.debug.xcconfig */,
				828169139D875ED2E51025BD /* Pods-GoldenPassport.release.xcconfig */,
			);
			name = Pods;
			sourceTree = "<group>";
		};
		F61B6B7D1E6135B600C3E272 = {
			isa = PBXGroup;
			children = (
				F61B6B881E6135B600C3E272 /* GoldenPassport */,
				F61B6B871E6135B600C3E272 /* Products */,
				F61B6C4E1E61B86800C3E272 /* Frameworks */,
				079B7EB5A347DA8FBD96B164 /* Pods */,
			);
			sourceTree = "<group>";
		};
		F61B6B871E6135B600C3E272 /* Products */ = {
			isa = PBXGroup;
			children = (
				F61B6B861E6135B600C3E272 /* GoldenPassport.app */,
			);
			name = Products;
			sourceTree = "<group>";
		};
		F61B6B881E6135B600C3E272 /* GoldenPassport */ = {
			isa = PBXGroup;
			children = (
				F61B6B8B1E6135B600C3E272 /* Assets.xcassets */,
				F61B6C411E61B77A00C3E272 /* OTPAuth */,
				F61B6BA71E61B6AF00C3E272 /* GTM */,
				F61B6B891E6135B600C3E272 /* AppDelegate.swift */,
				F61B6B9F1E614C7A00C3E272 /* StatusMenuController.swift */,
				F61B6B8D1E6135B600C3E272 /* MainMenu.xib */,
				F61B6BA41E617EDE00C3E272 /* AddVerifyKeyWindow.swift */,
				F61B6BA11E61787A00C3E272 /* AddVerifyKeyWindow.xib */,
				F69981211E6AE55700DDA6CA /* HTTPPortConfigWindow.swift */,
				F69981221E6AE55700DDA6CA /* HTTPPortConfigWindow.xib */,
				F6D14B781E6273460078FD22 /* DataManager.swift */,
				F630E1C41E62BA0F004FA7C1 /* OTPAuthURLParser.swift */,
				F635F4481E654B7D008B9048 /* KeyCode.swift */,
				F699811F1E6AD88500DDA6CA /* KeyboardMonitor.swift */,
				F6E3C59D1E6501FD00DB4EA6 /* SimulateKeyBoardEvent.swift */,
				F699811D1E6AC75900DDA6CA /* HttpServer.swift */,
				F653584B1E632AB500DD2FAB /* Constant.swift */,
				F61B6BA81E61B76D00C3E272 /* GoldenPassport-Bridging-Header.h */,
				F61B6B9D1E613DE300C3E272 /* I18n.strings */,
				F61B6B901E6135B600C3E272 /* Info.plist */,
			);
			path = GoldenPassport;
			sourceTree = "<group>";
		};
		F61B6BA71E61B6AF00C3E272 /* GTM */ = {
			isa = PBXGroup;
			children = (
				F644B4551FA2E5B000B4466C /* GTMDebugSelectorValidation.h */,
				F644B4571FA2E5B000B4466C /* GTMDebugThreadValidation.h */,
				F644B4521FA2E5AF00B4466C /* GTMDebugThreadValidation.m */,
				F644B4581FA2E5B000B4466C /* GTMMethodCheck.h */,
				F644B4591FA2E5B100B4466C /* GTMMethodCheck.m */,
				F644B4531FA2E5AF00B4466C /* GTMSynchronizationAsserts.h */,
				F644B45B1FA2E5B100B4466C /* GTMSynchronizationAsserts.m */,
				F644B4541FA2E5AF00B4466C /* GTMTypeCasting.h */,
				F644B4511FA2E49200B4466C /* GTMDefines.h */,
				F644B4011FA2E36800B4466C /* GTMFileSystemKQueue.h */,
				F644B3E61FA2E36100B4466C /* GTMFileSystemKQueue.m */,
				F644B3B81FA2E35800B4466C /* GTMGeometryUtils.h */,
				F644B3FD1FA2E36700B4466C /* GTMGeometryUtils.m */,
				F644B3DA1FA2E35E00B4466C /* GTMLightweightProxy.h */,
				F644B3BF1FA2E35900B4466C /* GTMLightweightProxy.m */,
				F644B3D51FA2E35D00B4466C /* GTMLocalizedString.h */,
				F644B3EA1FA2E36200B4466C /* GTMLogger.h */,
				F644B3F31FA2E36500B4466C /* GTMLogger.m */,
				F644B3D71FA2E35E00B4466C /* GTMLogger+ASL.h */,
				F644B3CE1FA2E35C00B4466C /* GTMLogger+ASL.m */,
				F644B3D01FA2E35C00B4466C /* GTMLoggerRingBufferWriter.h */,
				F644B4021FA2E36800B4466C /* GTMLoggerRingBufferWriter.m */,
				F644B3D91FA2E35E00B4466C /* GTMNSArray+Merge.h */,
				F644B3EE1FA2E36300B4466C /* GTMNSArray+Merge.m */,
				F644B3C71FA2E35A00B4466C /* GTMNSData+zlib.h */,
				F644B3CF1FA2E35C00B4466C /* GTMNSData+zlib.m */,
				F644B4091FA2E36A00B4466C /* GTMNSDictionary+URLArguments.h */,
				F644B40F1FA2E36C00B4466C /* GTMNSDictionary+URLArguments.m */,
				F644B4031FA2E36900B4466C /* GTMNSFileHandle+UniqueName.h */,
				F644B3C31FA2E35A00B4466C /* GTMNSFileHandle+UniqueName.m */,
				F644B3F61FA2E36500B4466C /* GTMNSFileManager+Carbon.h */,
				F644B3E11FA2E36000B4466C /* GTMNSFileManager+Carbon.m */,
				F644B40C1FA2E36B00B4466C /* GTMNSFileManager+Path.h */,
				F644B3CB1FA2E35B00B4466C /* GTMNSFileManager+Path.m */,
				F644B40A1FA2E36B00B4466C /* GTMNSNumber+64Bit.h */,
				F644B3EC1FA2E36300B4466C /* GTMNSNumber+64Bit.m */,
				F644B3F01FA2E36400B4466C /* GTMNSObject+KeyValueObserving.h */,
				F644B3B11FA2E35700B4466C /* GTMNSObject+KeyValueObserving.m */,
				F644B3E81FA2E36200B4466C /* GTMNSScanner+JSON.h */,
				F644B3F21FA2E36400B4466C /* GTMNSScanner+JSON.m */,
				F644B3BC1FA2E35900B4466C /* GTMNSString+FindFolder.h */,
				F644B3F81FA2E36600B4466C /* GTMNSString+FindFolder.m */,
				F644B3AE1FA2E35700B4466C /* GTMNSString+HTML.h */,
				F644B3DE1FA2E35F00B4466C /* GTMNSString+HTML.m */,
				F644B3B41FA2E35800B4466C /* GTMNSString+Replace.h */,
				F644B3EF1FA2E36400B4466C /* GTMNSString+Replace.m */,
				F644B3ED1FA2E36300B4466C /* GTMNSString+URLArguments.h */,
				F644B3CC1FA2E35B00B4466C /* GTMNSString+URLArguments.m */,
				F644B3C61FA2E35A00B4466C /* GTMNSString+XML.h */,
				F644B3DF1FA2E36000B4466C /* GTMNSString+XML.m */,
				F644B3EB1FA2E36200B4466C /* GTMNSThread+Blocks.h */,
				F644B3CD1FA2E35B00B4466C /* GTMNSThread+Blocks.m */,
				F644B40D1FA2E36C00B4466C /* GTMObjC2Runtime.h */,
				F644B3D81FA2E35E00B4466C /* GTMObjC2Runtime.m */,
				F644B3F91FA2E36600B4466C /* GTMObjectSingleton.h */,
				F644B4061FA2E36A00B4466C /* GTMPath.h */,
				F644B3F71FA2E36600B4466C /* GTMPath.m */,
				F644B3E91FA2E36200B4466C /* GTMRegex.h */,
				F644B4001FA2E36700B4466C /* GTMRegex.m */,
				F644B3DB1FA2E35F00B4466C /* GTMScriptRunner.h */,
				F644B3D31FA2E35D00B4466C /* GTMScriptRunner.m */,
				F644B4071FA2E36A00B4466C /* GTMServiceManagement.c */,
				F644B3F11FA2E36400B4466C /* GTMServiceManagement.h */,
				F644B3E41FA2E36100B4466C /* GTMSignalHandler.h */,
				F644B3D21FA2E35C00B4466C /* GTMSignalHandler.m */,
				F644B3F51FA2E36500B4466C /* GTMSQLite.h */,
				F644B3E31FA2E36000B4466C /* GTMSQLite.m */,
				F644B3DC1FA2E35F00B4466C /* GTMStackTrace.h */,
				F644B3B01FA2E35700B4466C /* GTMStackTrace.m */,
				F644B3C41FA2E35A00B4466C /* GTMStringEncoding.h */,
				F644B3C51FA2E35A00B4466C /* GTMStringEncoding.m */,
				F644B40E1FA2E36C00B4466C /* GTMSystemVersion.h */,
				F644B3C81FA2E35A00B4466C /* GTMSystemVersion.m */,
				F644B3FF1FA2E36700B4466C /* GTMURLBuilder.h */,
				F644B3C91FA2E35B00B4466C /* GTMURLBuilder.m */,
			);
			name = GTM;
			sourceTree = "<group>";
		};
		F61B6C411E61B77A00C3E272 /* OTPAuth */ = {
			isa = PBXGroup;
			children = (
				F61B6C421E61B78E00C3E272 /* HOTPGenerator.h */,
				F61B6C431E61B78E00C3E272 /* HOTPGenerator.m */,
				F61B6C441E61B78E00C3E272 /* OTPAuthURL.h */,
				F61B6C451E61B78E00C3E272 /* OTPAuthURL.m */,
				F61B6C461E61B78E00C3E272 /* OTPGenerator.h */,
				F61B6C471E61B78E00C3E272 /* OTPGenerator.m */,
				F61B6C481E61B78E00C3E272 /* TOTPGenerator.h */,
				F61B6C491E61B78E00C3E272 /* TOTPGenerator.m */,
			);
			name = OTPAuth;
			sourceTree = "<group>";
		};
		F61B6C4E1E61B86800C3E272 /* Frameworks */ = {
			isa = PBXGroup;
			children = (
				F6E039251E6473F2009499DD /* Carbon.framework */,
				F61B6C551E61BE0100C3E272 /* libz.tbd */,
				F61B6C4F1E61B86900C3E272 /* libsqlite3.tbd */,
				57A3C1B1D39C230CC7385FD7 /* Pods_GoldenPassport.framework */,
			);
			name = Frameworks;
			sourceTree = "<group>";
		};
/* End PBXGroup section */

/* Begin PBXNativeTarget section */
		F61B6B851E6135B600C3E272 /* GoldenPassport */ = {
			isa = PBXNativeTarget;
			buildConfigurationList = F61B6B931E6135B600C3E272 /* Build configuration list for PBXNativeTarget "GoldenPassport" */;
			buildPhases = (
				D422619C5BD080DA3EE1ECDF /* [CP] Check Pods Manifest.lock */,
				F61B6B821E6135B600C3E272 /* Sources */,
				F61B6B831E6135B600C3E272 /* Frameworks */,
				F61B6B841E6135B600C3E272 /* Resources */,
				7C0002F6FB3399D142AC582F /* [CP] Embed Pods Frameworks */,
			);
			buildRules = (
			);
			dependencies = (
			);
			name = GoldenPassport;
			productName = GoldenPassport;
			productReference = F61B6B861E6135B600C3E272 /* GoldenPassport.app */;
			productType = "com.apple.product-type.application";
		};
/* End PBXNativeTarget section */

/* Begin PBXProject section */
		F61B6B7E1E6135B600C3E272 /* Project object */ = {
			isa = PBXProject;
			attributes = {
				LastSwiftUpdateCheck = 0820;
				LastUpgradeCheck = 0820;
				ORGANIZATIONNAME = StanZhai;
				TargetAttributes = {
					F61B6B851E6135B600C3E272 = {
						CreatedOnToolsVersion = 8.2.1;
						LastSwiftMigration = 0820;
						ProvisioningStyle = Automatic;
					};
				};
			};
			buildConfigurationList = F61B6B811E6135B600C3E272 /* Build configuration list for PBXProject "GoldenPassport" */;
			compatibilityVersion = "Xcode 3.2";
			developmentRegion = English;
			hasScannedForEncodings = 0;
			knownRegions = (
				English,
				en,
				Base,
				"zh-Hans",
			);
			mainGroup = F61B6B7D1E6135B600C3E272;
			productRefGroup = F61B6B871E6135B600C3E272 /* Products */;
			projectDirPath = "";
			projectRoot = "";
			targets = (
				F61B6B851E6135B600C3E272 /* GoldenPassport */,
			);
		};
/* End PBXProject section */

/* Begin PBXResourcesBuildPhase section */
		F61B6B841E6135B600C3E272 /* Resources */ = {
			isa = PBXResourcesBuildPhase;
			buildActionMask = 2147483647;
			files = (
				F61B6B9B1E613DE300C3E272 /* I18n.strings in Resources */,
				F61B6B8C1E6135B600C3E272 /* Assets.xcassets in Resources */,
				F61B6BA21E61787A00C3E272 /* AddVerifyKeyWindow.xib in Resources */,
				F61B6B8F1E6135B600C3E272 /* MainMenu.xib in Resources */,
				F69981241E6AE55700DDA6CA /* HTTPPortConfigWindow.xib in Resources */,
			);
			runOnlyForDeploymentPostprocessing = 0;
		};
/* End PBXResourcesBuildPhase section */

/* Begin PBXShellScriptBuildPhase section */
		7C0002F6FB3399D142AC582F /* [CP] Embed Pods Frameworks */ = {
			isa = PBXShellScriptBuildPhase;
			buildActionMask = 2147483647;
			files = (
			);
			inputPaths = (
				"${PODS_ROOT}/Target Support Files/Pods-GoldenPassport/Pods-GoldenPassport-frameworks.sh",
				"${BUILT_PRODUCTS_DIR}/Swifter/Swifter.framework",
			);
			name = "[CP] Embed Pods Frameworks";
			outputPaths = (
				"${TARGET_BUILD_DIR}/${FRAMEWORKS_FOLDER_PATH}/Swifter.framework",
			);
			runOnlyForDeploymentPostprocessing = 0;
			shellPath = /bin/sh;
			shellScript = "\"${PODS_ROOT}/Target Support Files/Pods-GoldenPassport/Pods-GoldenPassport-frameworks.sh\"\n";
			showEnvVarsInLog = 0;
		};
		D422619C5BD080DA3EE1ECDF /* [CP] Check Pods Manifest.lock */ = {
			isa = PBXShellScriptBuildPhase;
			buildActionMask = 2147483647;
			files = (
			);
			inputPaths = (
				"${PODS_PODFILE_DIR_PATH}/Podfile.lock",
				"${PODS_ROOT}/Manifest.lock",
			);
			name = "[CP] Check Pods Manifest.lock";
			outputPaths = (
				"$(DERIVED_FILE_DIR)/Pods-GoldenPassport-checkManifestLockResult.txt",
			);
			runOnlyForDeploymentPostprocessing = 0;
			shellPath = /bin/sh;
			shellScript = "diff \"${PODS_PODFILE_DIR_PATH}/Podfile.lock\" \"${PODS_ROOT}/Manifest.lock\" > /dev/null\nif [ $? != 0 ] ; then\n    # print error to STDERR\n    echo \"error: The sandbox is not in sync with the Podfile.lock. Run 'pod install' or update your CocoaPods installation.\" >&2\n    exit 1\nfi\n# This output is used by Xcode 'outputs' to avoid re-running this script phase.\necho \"SUCCESS\" > \"${SCRIPT_OUTPUT_FILE_0}\"\n";
			showEnvVarsInLog = 0;
		};
/* End PBXShellScriptBuildPhase section */

/* Begin PBXSourcesBuildPhase section */
		F61B6B821E6135B600C3E272 /* Sources */ = {
			isa = PBXSourcesBuildPhase;
			buildActionMask = 2147483647;
			files = (
				F644B4341FA2E36D00B4466C /* GTMNSString+XML.m in Sources */,
				F61B6BA51E617EDE00C3E272 /* AddVerifyKeyWindow.swift in Sources */,
				F644B42B1FA2E36D00B4466C /* GTMNSData+zlib.m in Sources */,
				F644B4231FA2E36D00B4466C /* GTMStringEncoding.m in Sources */,
				F644B4431FA2E36D00B4466C /* GTMNSString+FindFolder.m in Sources */,
				F644B43C1FA2E36D00B4466C /* GTMNSNumber+64Bit.m in Sources */,
				F61B6C4C1E61B78E00C3E272 /* OTPGenerator.m in Sources */,
				F61B6BA01E614C7A00C3E272 /* StatusMenuController.swift in Sources */,
				F6E3C59E1E6501FD00DB4EA6 /* SimulateKeyBoardEvent.swift in Sources */,
				F644B43E1FA2E36D00B4466C /* GTMNSString+Replace.m in Sources */,
				F644B43A1FA2E36D00B4466C /* GTMFileSystemKQueue.m in Sources */,
				F644B42A1FA2E36D00B4466C /* GTMLogger+ASL.m in Sources */,
				F644B4281FA2E36D00B4466C /* GTMNSString+URLArguments.m in Sources */,
				F644B43F1FA2E36D00B4466C /* GTMNSScanner+JSON.m in Sources */,
				F644B4271FA2E36D00B4466C /* GTMNSFileManager+Path.m in Sources */,
				F644B4471FA2E36D00B4466C /* GTMGeometryUtils.m in Sources */,
				F644B4381FA2E36D00B4466C /* GTMSQLite.m in Sources */,
				F644B4501FA2E36D00B4466C /* GTMNSDictionary+URLArguments.m in Sources */,
				F644B4361FA2E36D00B4466C /* GTMNSFileManager+Carbon.m in Sources */,
				F630E1C51E62BA0F004FA7C1 /* OTPAuthURLParser.swift in Sources */,
				F635F4491E654B7D008B9048 /* KeyCode.swift in Sources */,
				F644B42E1FA2E36D00B4466C /* GTMScriptRunner.m in Sources */,
				F644B4251FA2E36D00B4466C /* GTMURLBuilder.m in Sources */,
				F644B4311FA2E36D00B4466C /* GTMObjC2Runtime.m in Sources */,
				F644B4131FA2E36C00B4466C /* GTMNSObject+KeyValueObserving.m in Sources */,
				F644B4121FA2E36C00B4466C /* GTMStackTrace.m in Sources */,
				F699811E1E6AC75900DDA6CA /* HttpServer.swift in Sources */,
				F61B6C4A1E61B78E00C3E272 /* HOTPGenerator.m in Sources */,
				F61B6C4D1E61B78E00C3E272 /* TOTPGenerator.m in Sources */,
				F61B6B8A1E6135B600C3E272 /* AppDelegate.swift in Sources */,
				F69981231E6AE55700DDA6CA /* HTTPPortConfigWindow.swift in Sources */,
				F644B4291FA2E36D00B4466C /* GTMNSThread+Blocks.m in Sources */,
				F644B4401FA2E36D00B4466C /* GTMLogger.m in Sources */,
				F644B4601FA2E5B100B4466C /* GTMSynchronizationAsserts.m in Sources */,
				F69981201E6AD88500DDA6CA /* KeyboardMonitor.swift in Sources */,
				F653584C1E632AB500DD2FAB /* Constant.swift in Sources */,
				F644B44A1FA2E36D00B4466C /* GTMLoggerRingBufferWriter.m in Sources */,
				F644B41E1FA2E36D00B4466C /* GTMLightweightProxy.m in Sources */,
				F644B44D1FA2E36D00B4466C /* GTMServiceManagement.c in Sources */,
				F644B4331FA2E36D00B4466C /* GTMNSString+HTML.m in Sources */,
				F644B4221FA2E36D00B4466C /* GTMNSFileHandle+UniqueName.m in Sources */,
				F644B4491FA2E36D00B4466C /* GTMRegex.m in Sources */,
				F61B6C4B1E61B78E00C3E272 /* OTPAuthURL.m in Sources */,
				F644B4241FA2E36D00B4466C /* GTMSystemVersion.m in Sources */,
				F6D14B791E6273460078FD22 /* DataManager.swift in Sources */,
				F644B43D1FA2E36D00B4466C /* GTMNSArray+Merge.m in Sources */,
				F644B45C1FA2E5B100B4466C /* GTMDebugThreadValidation.m in Sources */,
				F644B42D1FA2E36D00B4466C /* GTMSignalHandler.m in Sources */,
				F644B45E1FA2E5B100B4466C /* GTMMethodCheck.m in Sources */,
				F644B4421FA2E36D00B4466C /* GTMPath.m in Sources */,
			);
			runOnlyForDeploymentPostprocessing = 0;
		};
/* End PBXSourcesBuildPhase section */

/* Begin PBXVariantGroup section */
		F61B6B8D1E6135B600C3E272 /* MainMenu.xib */ = {
			isa = PBXVariantGroup;
			children = (
				F61B6B8E1E6135B600C3E272 /* Base */,
				F61B6B971E613BE000C3E272 /* en */,
				F61B6B981E613D0200C3E272 /* zh-Hans */,
			);
			name = MainMenu.xib;
			sourceTree = "<group>";
		};
		F61B6B9D1E613DE300C3E272 /* I18n.strings */ = {
			isa = PBXVariantGroup;
			children = (
				F61B6B9C1E613DE300C3E272 /* en */,
				F61B6B9E1E613DE500C3E272 /* zh-Hans */,
			);
			name = I18n.strings;
			sourceTree = "<group>";
		};
/* End PBXVariantGroup section */

/* Begin XCBuildConfiguration section */
		F61B6B911E6135B600C3E272 /* Debug */ = {
			isa = XCBuildConfiguration;
			buildSettings = {
				ALWAYS_SEARCH_USER_PATHS = NO;
				CLANG_ANALYZER_LOCALIZABILITY_NONLOCALIZED = YES;
				CLANG_ANALYZER_NONNULL = YES;
				CLANG_CXX_LANGUAGE_STANDARD = "gnu++0x";
				CLANG_CXX_LIBRARY = "libc++";
				CLANG_ENABLE_MODULES = YES;
				CLANG_ENABLE_OBJC_ARC = YES;
				CLANG_WARN_BOOL_CONVERSION = YES;
				CLANG_WARN_CONSTANT_CONVERSION = YES;
				CLANG_WARN_DIRECT_OBJC_ISA_USAGE = YES_ERROR;
				CLANG_WARN_DOCUMENTATION_COMMENTS = YES;
				CLANG_WARN_EMPTY_BODY = YES;
				CLANG_WARN_ENUM_CONVERSION = YES;
				CLANG_WARN_INFINITE_RECURSION = YES;
				CLANG_WARN_INT_CONVERSION = YES;
				CLANG_WARN_OBJC_ROOT_CLASS = YES_ERROR;
				CLANG_WARN_SUSPICIOUS_MOVE = YES;
				CLANG_WARN_UNREACHABLE_CODE = YES;
				CLANG_WARN__DUPLICATE_METHOD_MATCH = YES;
				CODE_SIGN_IDENTITY = "-";
				COPY_PHASE_STRIP = NO;
				DEBUG_INFORMATION_FORMAT = dwarf;
				ENABLE_STRICT_OBJC_MSGSEND = YES;
				ENABLE_TESTABILITY = YES;
				GCC_C_LANGUAGE_STANDARD = gnu99;
				GCC_DYNAMIC_NO_PIC = NO;
				GCC_NO_COMMON_BLOCKS = YES;
				GCC_OPTIMIZATION_LEVEL = 0;
				GCC_PREPROCESSOR_DEFINITIONS = (
					"DEBUG=1",
					"$(inherited)",
				);
				GCC_WARN_64_TO_32_BIT_CONVERSION = YES;
				GCC_WARN_ABOUT_RETURN_TYPE = YES_ERROR;
				GCC_WARN_UNDECLARED_SELECTOR = YES;
				GCC_WARN_UNINITIALIZED_AUTOS = YES_AGGRESSIVE;
				GCC_WARN_UNUSED_FUNCTION = YES;
				GCC_WARN_UNUSED_VARIABLE = YES;
				MACOSX_DEPLOYMENT_TARGET = 10.11;
				MTL_ENABLE_DEBUG_INFO = YES;
				ONLY_ACTIVE_ARCH = YES;
				SDKROOT = macosx;
				SWIFT_ACTIVE_COMPILATION_CONDITIONS = DEBUG;
				SWIFT_OPTIMIZATION_LEVEL = "-Onone";
				SWIFT_VERSION = 5.0;
			};
			name = Debug;
		};
		F61B6B921E6135B600C3E272 /* Release */ = {
			isa = XCBuildConfiguration;
			buildSettings = {
				ALWAYS_SEARCH_USER_PATHS = NO;
				CLANG_ANALYZER_LOCALIZABILITY_NONLOCALIZED = YES;
				CLANG_ANALYZER_NONNULL = YES;
				CLANG_CXX_LANGUAGE_STANDARD = "gnu++0x";
				CLANG_CXX_LIBRARY = "libc++";
				CLANG_ENABLE_MODULES = YES;
				CLANG_ENABLE_OBJC_ARC = YES;
				CLANG_WARN_BOOL_CONVERSION = YES;
				CLANG_WARN_CONSTANT_CONVERSION = YES;
				CLANG_WARN_DIRECT_OBJC_ISA_USAGE = YES_ERROR;
				CLANG_WARN_DOCUMENTATION_COMMENTS = YES;
				CLANG_WARN_EMPTY_BODY = YES;
				CLANG_WARN_ENUM_CONVERSION = YES;
				CLANG_WARN_INFINITE_RECURSION = YES;
				CLANG_WARN_INT_CONVERSION = YES;
				CLANG_WARN_OBJC_ROOT_CLASS = YES_ERROR;
				CLANG_WARN_SUSPICIOUS_MOVE = YES;
				CLANG_WARN_UNREACHABLE_CODE = YES;
				CLANG_WARN__DUPLICATE_METHOD_MATCH = YES;
				CODE_SIGN_IDENTITY = "-";
				COPY_PHASE_STRIP = NO;
				DEBUG_INFORMATION_FORMAT = "dwarf-with-dsym";
				ENABLE_NS_ASSERTIONS = NO;
				ENABLE_STRICT_OBJC_MSGSEND = YES;
				GCC_C_LANGUAGE_STANDARD = gnu99;
				GCC_NO_COMMON_BLOCKS = YES;
				GCC_WARN_64_TO_32_BIT_CONVERSION = YES;
				GCC_WARN_ABOUT_RETURN_TYPE = YES_ERROR;
				GCC_WARN_UNDECLARED_SELECTOR = YES;
				GCC_WARN_UNINITIALIZED_AUTOS = YES_AGGRESSIVE;
				GCC_WARN_UNUSED_FUNCTION = YES;
				GCC_WARN_UNUSED_VARIABLE = YES;
				MACOSX_DEPLOYMENT_TARGET = 10.11;
				MTL_ENABLE_DEBUG_INFO = NO;
				SDKROOT = macosx;
				SWIFT_OPTIMIZATION_LEVEL = "-Owholemodule";
				SWIFT_VERSION = 5.0;
			};
			name = Release;
		};
		F61B6B941E6135B600C3E272 /* Debug */ = {
			isa = XCBuildConfiguration;
			baseConfigurationReference = 609363E68683419B32E33CDD /* Pods-GoldenPassport.debug.xcconfig */;
			buildSettings = {
				ASSETCATALOG_COMPILER_APPICON_NAME = AppIcon;
				CLANG_ENABLE_MODULES = YES;
				CLANG_ENABLE_OBJC_ARC = NO;
				CLANG_ENABLE_OBJC_WEAK = YES;
				COMBINE_HIDPI_IMAGES = YES;
				INFOPLIST_FILE = GoldenPassport/Info.plist;
				LD_RUNPATH_SEARCH_PATHS = "$(inherited) @executable_path/../Frameworks";
				MACOSX_DEPLOYMENT_TARGET = 10.11;
				PRODUCT_BUNDLE_IDENTIFIER = site.stanzhai.GoldenPassport;
				PRODUCT_NAME = "$(TARGET_NAME)";
				SWIFT_OBJC_BRIDGING_HEADER = "GoldenPassport/GoldenPassport-Bridging-Header.h";
				SWIFT_OPTIMIZATION_LEVEL = "-Onone";
				SWIFT_VERSION = 5.0;
			};
			name = Debug;
		};
		F61B6B951E6135B600C3E272 /* Release */ = {
			isa = XCBuildConfiguration;
			baseConfigurationReference = 828169139D875ED2E51025BD /* Pods-GoldenPassport.release.xcconfig */;
			buildSettings = {
				ASSETCATALOG_COMPILER_APPICON_NAME = AppIcon;
				CLANG_ENABLE_MODULES = YES;
				CLANG_ENABLE_OBJC_ARC = NO;
				CLANG_ENABLE_OBJC_WEAK = YES;
				COMBINE_HIDPI_IMAGES = YES;
				INFOPLIST_FILE = GoldenPassport/Info.plist;
				LD_RUNPATH_SEARCH_PATHS = "$(inherited) @executable_path/../Frameworks";
				MACOSX_DEPLOYMENT_TARGET = 10.11;
				PRODUCT_BUNDLE_IDENTIFIER = site.stanzhai.GoldenPassport;
				PRODUCT_NAME = "$(TARGET_NAME)";
				SWIFT_OBJC_BRIDGING_HEADER = "GoldenPassport/GoldenPassport-Bridging-Header.h";
				SWIFT_VERSION = 5.0;
			};
			name = Release;
		};
/* End XCBuildConfiguration section */

/* Begin XCConfigurationList section */
		F61B6B811E6135B600C3E272 /* Build configuration list for PBXProject "GoldenPassport" */ = {
			isa = XCConfigurationList;
			buildConfigurations = (
				F61B6B911E6135B600C3E272 /* Debug */,
				F61B6B921E6135B600C3E272 /* Release */,
			);
			defaultConfigurationIsVisible = 0;
			defaultConfigurationName = Release;
		};
		F61B6B931E6135B600C3E272 /* Build configuration list for PBXNativeTarget "GoldenPassport" */ = {
			isa = XCConfigurationList;
			buildConfigurations = (
				F61B6B941E6135B600C3E272 /* Debug */,
				F61B6B951E6135B600C3E272 /* Release */,
			);
			defaultConfigurationIsVisible = 0;
			defaultConfigurationName = Release;
		};
/* End XCConfigurationList section */
	};
	rootObject = F61B6B7E1E6135B600C3E272 /* Project object */;
}
